
Microsoft Visual Studio Solution File, Format Version 12.00
Project("{FAE04EC0-301F-11D3-BF4B-00C04F79EFBC}") = "OpenTK.EventDeliveryTest", "OpenTK.EventDeliveryTest.csproj", "{FE67FC53-06C3-4572-9836-49BC69086840}"
EndProject
Global
	GlobalSection(SolutionConfigurationPlatforms) = preSolution
		Debug|Any CPU = Debug|Any CPU
		Release|Any CPU = Release|Any CPU
	EndGlobalSection
	GlobalSection(ProjectConfigurationPlatforms) = postSolution
		{FE67FC53-06C3-4572-9836-49BC69086840}.Debug|Any CPU.ActiveCfg = Debug|Any CPU
		{FE67FC53-06C3-4572-9836-49BC69086840}.Debug|Any CPU.Build.0 = Debug|Any CPU
		{FE67FC53-06C3-4572-9836-49BC69086840}.Release|Any CPU.ActiveCfg = Release|Any CPU
		{FE67FC53-06C3-4572-9836-49BC69086840}.Release|Any CPU.Build.0 = Release|Any CPU
	EndGlobalSection
EndGlobal
